
Microsoft Visual Studio Solution File, Format Version 12.00
# Visual Studio Version 17
VisualStudioVersion = 17.8.34330.188
MinimumVisualStudioVersion = 10.0.40219.1
Project("{FAE04EC0-301F-11D3-BF4B-00C04F79EFBC}") = "AutomobileLibrary", "AutomobileLibrary\AutomobileLibrary.csproj", "{8B5B46F6-6899-4350-AA04-46F0FF64AD9D}"
EndProject
Project("{FAE04EC0-301F-11D3-BF4B-00C04F79EFBC}") = "AutomobileWinApp", "AutomobileWinApp\AutomobileWinApp.csproj", "{873B736B-9B08-4DA1-9C1A-A00C1DAB19BD}"
EndProject
Global
	GlobalSection(SolutionConfigurationPlatforms) = preSolution
		Debug|Any CPU = Debug|Any CPU
		Release|Any CPU = Release|Any CPU
	EndGlobalSection
	GlobalSection(ProjectConfigurationPlatforms) = postSolution
		{8B5B46F6-6899-4350-AA04-46F0FF64AD9D}.Debug|Any CPU.ActiveCfg = Debug|Any CPU
		{8B5B46F6-6899-4350-AA04-46F0FF64AD9D}.Debug|Any CPU.Build.0 = Debug|Any CPU
		{8B5B46F6-6899-4350-AA04-46F0FF64AD9D}.Release|Any CPU.ActiveCfg = Release|Any CPU
		{8B5B46F6-6899-4350-AA04-46F0FF64AD9D}.Release|Any CPU.Build.0 = Release|Any CPU
		{873B736B-9B08-4DA1-9C1A-A00C1DAB19BD}.Debug|Any CPU.ActiveCfg = Debug|Any CPU
		{873B736B-9B08-4DA1-9C1A-A00C1DAB19BD}.Debug|Any CPU.Build.0 = Debug|Any CPU
		{873B736B-9B08-4DA1-9C1A-A00C1DAB19BD}.Release|Any CPU.ActiveCfg = Release|Any CPU
		{873B736B-9B08-4DA1-9C1A-A00C1DAB19BD}.Release|Any CPU.Build.0 = Release|Any CPU
	EndGlobalSection
	GlobalSection(SolutionProperties) = preSolution
		HideSolutionNode = FALSE
	EndGlobalSection
	GlobalSection(ExtensibilityGlobals) = postSolution
		SolutionGuid = {A4CA4F0B-3A16-4835-9A7A-95D4DD290980}
	EndGlobalSection
EndGlobal
